
Microsoft Visual Studio Solution File, Format Version 9.00
# Visual C++ Express 2005
Project("{8BC9CEB8-8B4A-11D0-8D11-00A0C91BC942}") = "HiveGame", "hivegame.vcproj", "{E4573F3C-0A30-4074-9FC3-66FA99D6F21D}"
EndProject
Project("{8BC9CEB8-8B4A-11D0-8D11-00A0C91BC942}") = "pyhivegame", "pyhivegame.vcproj", "{29BB1E90-1FB5-440B-B861-082E703226DD}"
EndProject
Global
	GlobalSection(SolutionConfigurationPlatforms) = preSolution
		Debug|Win32 = Debug|Win32
		Release|Win32 = Release|Win32
	EndGlobalSection
	GlobalSection(ProjectConfigurationPlatforms) = postSolution
		{E4573F3C-0A30-4074-9FC3-66FA99D6F21D}.Debug|Win32.ActiveCfg = Debug|Win32
		{E4573F3C-0A30-4074-9FC3-66FA99D6F21D}.Debug|Win32.Build.0 = Debug|Win32
		{E4573F3C-0A30-4074-9FC3-66FA99D6F21D}.Release|Win32.ActiveCfg = Release|Win32
		{E4573F3C-0A30-4074-9FC3-66FA99D6F21D}.Release|Win32.Build.0 = Release|Win32
		{29BB1E90-1FB5-440B-B861-082E703226DD}.Debug|Win32.ActiveCfg = Debug|Win32
		{29BB1E90-1FB5-440B-B861-082E703226DD}.Debug|Win32.Build.0 = Debug|Win32
		{29BB1E90-1FB5-440B-B861-082E703226DD}.Release|Win32.ActiveCfg = Release|Win32
		{29BB1E90-1FB5-440B-B861-082E703226DD}.Release|Win32.Build.0 = Release|Win32
	EndGlobalSection
	GlobalSection(SolutionProperties) = preSolution
		HideSolutionNode = FALSE
	EndGlobalSection
EndGlobal
